// !$*UTF8*$!
{
	archiveVersion = 1;
	classes = {
	};
	objectVersion = 56;
	objects = {

/* Begin PBXBuildFile section */
		902999632C2E268B00804204 /* AppDelegate.swift in Sources */ = {isa = PBXBuildFile; fileRef = 902999622C2E268B00804204 /* AppDelegate.swift */; };
		902999652C2E268B00804204 /* SceneDelegate.swift in Sources */ = {isa = PBXBuildFile; fileRef = 902999642C2E268B00804204 /* SceneDelegate.swift */; };
		902999672C2E268B00804204 /* ViewController.swift in Sources */ = {isa = PBXBuildFile; fileRef = 902999662C2E268B00804204 /* ViewController.swift */; };
		9029996A2C2E268C00804204 /* Base in Resources */ = {isa = PBXBuildFile; fileRef = 902999692C2E268C00804204 /* Base */; };
		9029996C2C2E268D00804204 /* Assets.xcassets in Resources */ = {isa = PBXBuildFile; fileRef = 9029996B2C2E268D00804204 /* Assets.xcassets */; };
		9029996F2C2E268D00804204 /* Base in Resources */ = {isa = PBXBuildFile; fileRef = 9029996E2C2E268D00804204 /* Base */; };
		9029997A2C2E306C00804204 /* Phonk Contrast DEMO.otf in Resources */ = {isa = PBXBuildFile; fileRef = 902999762C2E306C00804204 /* Phonk Contrast DEMO.otf */; };
		9029997B2C2E306C00804204 /* Phonk Regular DEMO.otf in Resources */ = {isa = PBXBuildFile; fileRef = 902999772C2E306C00804204 /* Phonk Regular DEMO.otf */; };
		9029997C2C2E306C00804204 /* Read me.txt in Resources */ = {isa = PBXBuildFile; fileRef = 902999782C2E306C00804204 /* Read me.txt */; };
		9029997E2C2E450000804204 /* ProfileInfoView.swift in Sources */ = {isa = PBXBuildFile; fileRef = 9029997D2C2E450000804204 /* ProfileInfoView.swift */; };
		902999802C2E525900804204 /* GridView.swift in Sources */ = {isa = PBXBuildFile; fileRef = 9029997F2C2E525900804204 /* GridView.swift */; };
		9061F4812C2EE6CA00A3E81D /* ProfileHeaderView.swift in Sources */ = {isa = PBXBuildFile; fileRef = 9061F4802C2EE6CA00A3E81D /* ProfileHeaderView.swift */; };
		9061F4852C2EF2EA00A3E81D /* ProfileImageView.swift in Sources */ = {isa = PBXBuildFile; fileRef = 9061F4842C2EF2EA00A3E81D /* ProfileImageView.swift */; };
/* End PBXBuildFile section */

/* Begin PBXFileReference section */
		9029995F2C2E268B00804204 /* CornerUIKit.app */ = {isa = PBXFileReference; explicitFileType = wrapper.application; includeInIndex = 0; path = CornerUIKit.app; sourceTree = BUILT_PRODUCTS_DIR; };
		902999622C2E268B00804204 /* AppDelegate.swift */ = {isa = PBXFileReference; lastKnownFileType = sourcecode.swift; path = AppDelegate.swift; sourceTree = "<group>"; };
		902999642C2E268B00804204 /* SceneDelegate.swift */ = {isa = PBXFileReference; lastKnownFileType = sourcecode.swift; path = SceneDelegate.swift; sourceTree = "<group>"; };
		902999662C2E268B00804204 /* ViewController.swift */ = {isa = PBXFileReference; lastKnownFileType = sourcecode.swift; path = ViewController.swift; sourceTree = "<group>"; };
		902999692C2E268C00804204 /* Base */ = {isa = PBXFileReference; lastKnownFileType = file.storyboard; name = Base; path = Base.lproj/Main.storyboard; sourceTree = "<group>"; };
		9029996B2C2E268D00804204 /* Assets.xcassets */ = {isa = PBXFileReference; lastKnownFileType = folder.assetcatalog; path = Assets.xcassets; sourceTree = "<group>"; };
		9029996E2C2E268D00804204 /* Base */ = {isa = PBXFileReference; lastKnownFileType = file.storyboard; name = Base; path = Base.lproj/LaunchScreen.storyboard; sourceTree = "<group>"; };
		902999702C2E268D00804204 /* Info.plist */ = {isa = PBXFileReference; lastKnownFileType = text.plist.xml; path = Info.plist; sourceTree = "<group>"; };
		902999762C2E306C00804204 /* Phonk Contrast DEMO.otf */ = {isa = PBXFileReference; lastKnownFileType = file; path = "Phonk Contrast DEMO.otf"; sourceTree = "<group>"; };
		902999772C2E306C00804204 /* Phonk Regular DEMO.otf */ = {isa = PBXFileReference; lastKnownFileType = file; path = "Phonk Regular DEMO.otf"; sourceTree = "<group>"; };
		902999782C2E306C00804204 /* Read me.txt */ = {isa = PBXFileReference; fileEncoding = 4; lastKnownFileType = text; path = "Read me.txt"; sourceTree = "<group>"; };
		9029997D2C2E450000804204 /* ProfileInfoView.swift */ = {isa = PBXFileReference; lastKnownFileType = sourcecode.swift; path = ProfileInfoView.swift; sourceTree = "<group>"; };
		9029997F2C2E525900804204 /* GridView.swift */ = {isa = PBXFileReference; lastKnownFileType = sourcecode.swift; path = GridView.swift; sourceTree = "<group>"; };
		9061F4802C2EE6CA00A3E81D /* ProfileHeaderView.swift */ = {isa = PBXFileReference; lastKnownFileType = sourcecode.swift; path = ProfileHeaderView.swift; sourceTree = "<group>"; };
		9061F4842C2EF2EA00A3E81D /* ProfileImageView.swift */ = {isa = PBXFileReference; lastKnownFileType = sourcecode.swift; path = ProfileImageView.swift; sourceTree = "<group>"; };
/* End PBXFileReference section */

/* Begin PBXFrameworksBuildPhase section */
		9029995C2C2E268B00804204 /* Frameworks */ = {
			isa = PBXFrameworksBuildPhase;
			buildActionMask = 2147483647;
			files = (
			);
			runOnlyForDeploymentPostprocessing = 0;
		};
/* End PBXFrameworksBuildPhase section */

/* Begin PBXGroup section */
		902999562C2E268B00804204 = {
			isa = PBXGroup;
			children = (
				902999612C2E268B00804204 /* CornerUIKit */,
				902999602C2E268B00804204 /* Products */,
			);
			sourceTree = "<group>";
		};
		902999602C2E268B00804204 /* Products */ = {
			isa = PBXGroup;
			children = (
				9029995F2C2E268B00804204 /* CornerUIKit.app */,
			);
			name = Products;
			sourceTree = "<group>";
		};
		902999612C2E268B00804204 /* CornerUIKit */ = {
			isa = PBXGroup;
			children = (
				902999792C2E306C00804204 /* Phonk - Free DEMO */,
				9061F4822C2EF29800A3E81D /* Core */,
				902999622C2E268B00804204 /* AppDelegate.swift */,
				902999642C2E268B00804204 /* SceneDelegate.swift */,
				902999682C2E268C00804204 /* Main.storyboard */,
				9029996B2C2E268D00804204 /* Assets.xcassets */,
				9029996D2C2E268D00804204 /* LaunchScreen.storyboard */,
				902999702C2E268D00804204 /* Info.plist */,
			);
			path = CornerUIKit;
			sourceTree = "<group>";
		};
		902999792C2E306C00804204 /* Phonk - Free DEMO */ = {
			isa = PBXGroup;
			children = (
				902999762C2E306C00804204 /* Phonk Contrast DEMO.otf */,
				902999772C2E306C00804204 /* Phonk Regular DEMO.otf */,
				902999782C2E306C00804204 /* Read me.txt */,
			);
			path = "Phonk - Free DEMO";
			sourceTree = "<group>";
		};
		9061F4822C2EF29800A3E81D /* Core */ = {
			isa = PBXGroup;
			children = (
				902999662C2E268B00804204 /* ViewController.swift */,
				9061F4832C2EF2A300A3E81D /* ProfileView */,
			);
			path = Core;
			sourceTree = "<group>";
		};
		9061F4832C2EF2A300A3E81D /* ProfileView */ = {
			isa = PBXGroup;
			children = (
				9029997F2C2E525900804204 /* GridView.swift */,
				9029997D2C2E450000804204 /* ProfileInfoView.swift */,
				9061F4802C2EE6CA00A3E81D /* ProfileHeaderView.swift */,
				9061F4842C2EF2EA00A3E81D /* ProfileImageView.swift */,
			);
			path = ProfileView;
			sourceTree = "<group>";
		};
/* End PBXGroup section */

/* Begin PBXNativeTarget section */
		9029995E2C2E268B00804204 /* CornerUIKit */ = {
			isa = PBXNativeTarget;
			buildConfigurationList = 902999732C2E268D00804204 /* Build configuration list for PBXNativeTarget "CornerUIKit" */;
			buildPhases = (
				9029995B2C2E268B00804204 /* Sources */,
				9029995C2C2E268B00804204 /* Frameworks */,
				9029995D2C2E268B00804204 /* Resources */,
			);
			buildRules = (
			);
			dependencies = (
			);
			name = CornerUIKit;
			productName = CornerUIKit;
			productReference = 9029995F2C2E268B00804204 /* CornerUIKit.app */;
			productType = "com.apple.product-type.application";
		};
/* End PBXNativeTarget section */

/* Begin PBXProject section */
		902999572C2E268B00804204 /* Project object */ = {
			isa = PBXProject;
			attributes = {
				BuildIndependentTargetsInParallel = 1;
				LastSwiftUpdateCheck = 1530;
				LastUpgradeCheck = 1530;
				TargetAttributes = {
					9029995E2C2E268B00804204 = {
						CreatedOnToolsVersion = 15.3;
					};
				};
			};
			buildConfigurationList = 9029995A2C2E268B00804204 /* Build configuration list for PBXProject "CornerUIKit" */;
			compatibilityVersion = "Xcode 14.0";
			developmentRegion = en;
			hasScannedForEncodings = 0;
			knownRegions = (
				en,
				Base,
			);
			mainGroup = 902999562C2E268B00804204;
			productRefGroup = 902999602C2E268B00804204 /* Products */;
			projectDirPath = "";
			projectRoot = "";
			targets = (
				9029995E2C2E268B00804204 /* CornerUIKit */,
			);
		};
/* End PBXProject section */

/* Begin PBXResourcesBuildPhase section */
		9029995D2C2E268B00804204 /* Resources */ = {
			isa = PBXResourcesBuildPhase;
			buildActionMask = 2147483647;
			files = (
				9029996C2C2E268D00804204 /* Assets.xcassets in Resources */,
				9029997A2C2E306C00804204 /* Phonk Contrast DEMO.otf in Resources */,
				9029997B2C2E306C00804204 /* Phonk Regular DEMO.otf in Resources */,
				9029997C2C2E306C00804204 /* Read me.txt in Resources */,
				9029996F2C2E268D00804204 /* Base in Resources */,
				9029996A2C2E268C00804204 /* Base in Resources */,
			);
			runOnlyForDeploymentPostprocessing = 0;
		};
/* End PBXResourcesBuildPhase section */

/* Begin PBXSourcesBuildPhase section */
		9029995B2C2E268B00804204 /* Sources */ = {
			isa = PBXSourcesBuildPhase;
			buildActionMask = 2147483647;
			files = (
				9029997E2C2E450000804204 /* ProfileInfoView.swift in Sources */,
				9061F4852C2EF2EA00A3E81D /* ProfileImageView.swift in Sources */,
				9061F4812C2EE6CA00A3E81D /* ProfileHeaderView.swift in Sources */,
				902999672C2E268B00804204 /* ViewController.swift in Sources */,
				902999632C2E268B00804204 /* AppDelegate.swift in Sources */,
				902999802C2E525900804204 /* GridView.swift in Sources */,
				902999652C2E268B00804204 /* SceneDelegate.swift in Sources */,
			);
			runOnlyForDeploymentPostprocessing = 0;
		};
/* End PBXSourcesBuildPhase section */

/* Begin PBXVariantGroup section */
		902999682C2E268C00804204 /* Main.storyboard */ = {
			isa = PBXVariantGroup;
			children = (
				902999692C2E268C00804204 /* Base */,
			);
			name = Main.storyboard;
			sourceTree = "<group>";
		};
		9029996D2C2E268D00804204 /* LaunchScreen.storyboard */ = {
			isa = PBXVariantGroup;
			children = (
				9029996E2C2E268D00804204 /* Base */,
			);
			name = LaunchScreen.storyboard;
			sourceTree = "<group>";
		};
/* End PBXVariantGroup section */

/* Begin XCBuildConfiguration section */
		902999712C2E268D00804204 /* Debug */ = {
			isa = XCBuildConfiguration;
			buildSettings = {
				ALWAYS_SEARCH_USER_PATHS = NO;
				ASSETCATALOG_COMPILER_GENERATE_SWIFT_ASSET_SYMBOL_EXTENSIONS = YES;
				CLANG_ANALYZER_NONNULL = YES;
				CLANG_ANALYZER_NUMBER_OBJECT_CONVERSION = YES_AGGRESSIVE;
				CLANG_CXX_LANGUAGE_STANDARD = "gnu++20";
				CLANG_ENABLE_MODULES = YES;
				CLANG_ENABLE_OBJC_ARC = YES;
				CLANG_ENABLE_OBJC_WEAK = YES;
				CLANG_WARN_BLOCK_CAPTURE_AUTORELEASING = YES;
				CLANG_WARN_BOOL_CONVERSION = YES;
				CLANG_WARN_COMMA = YES;
				CLANG_WARN_CONSTANT_CONVERSION = YES;
				CLANG_WARN_DEPRECATED_OBJC_IMPLEMENTATIONS = YES;
				CLANG_WARN_DIRECT_OBJC_ISA_USAGE = YES_ERROR;
				CLANG_WARN_DOCUMENTATION_COMMENTS = YES;
				CLANG_WARN_EMPTY_BODY = YES;
				CLANG_WARN_ENUM_CONVERSION = YES;
				CLANG_WARN_INFINITE_RECURSION = YES;
				CLANG_WARN_INT_CONVERSION = YES;
				CLANG_WARN_NON_LITERAL_NULL_CONVERSION = YES;
				CLANG_WARN_OBJC_IMPLICIT_RETAIN_SELF = YES;
				CLANG_WARN_OBJC_LITERAL_CONVERSION = YES;
				CLANG_WARN_OBJC_ROOT_CLASS = YES_ERROR;
				CLANG_WARN_QUOTED_INCLUDE_IN_FRAMEWORK_HEADER = YES;
				CLANG_WARN_RANGE_LOOP_ANALYSIS = YES;
				CLANG_WARN_STRICT_PROTOTYPES = YES;
				CLANG_WARN_SUSPICIOUS_MOVE = YES;
				CLANG_WARN_UNGUARDED_AVAILABILITY = YES_AGGRESSIVE;
				CLANG_WARN_UNREACHABLE_CODE = YES;
				CLANG_WARN__DUPLICATE_METHOD_MATCH = YES;
				COPY_PHASE_STRIP = NO;
				DEBUG_INFORMATION_FORMAT = dwarf;
				ENABLE_STRICT_OBJC_MSGSEND = YES;
				ENABLE_TESTABILITY = YES;
				ENABLE_USER_SCRIPT_SANDBOXING = YES;
				GCC_C_LANGUAGE_STANDARD = gnu17;
				GCC_DYNAMIC_NO_PIC = NO;
				GCC_NO_COMMON_BLOCKS = YES;
				GCC_OPTIMIZATION_LEVEL = 0;
				GCC_PREPROCESSOR_DEFINITIONS = (
					"DEBUG=1",
					"$(inherited)",
				);
				GCC_WARN_64_TO_32_BIT_CONVERSION = YES;
				GCC_WARN_ABOUT_RETURN_TYPE = YES_ERROR;
				GCC_WARN_UNDECLARED_SELECTOR = YES;
				GCC_WARN_UNINITIALIZED_AUTOS = YES_AGGRESSIVE;
				GCC_WARN_UNUSED_FUNCTION = YES;
				GCC_WARN_UNUSED_VARIABLE = YES;
				IPHONEOS_DEPLOYMENT_TARGET = 17.4;
				LOCALIZATION_PREFERS_STRING_CATALOGS = YES;
				MTL_ENABLE_DEBUG_INFO = INCLUDE_SOURCE;
				MTL_FAST_MATH = YES;
				ONLY_ACTIVE_ARCH = YES;
				SDKROOT = iphoneos;
				SWIFT_ACTIVE_COMPILATION_CONDITIONS = "DEBUG $(inherited)";
				SWIFT_OPTIMIZATION_LEVEL = "-Onone";
			};
			name = Debug;
		};
		902999722C2E268D00804204 /* Release */ = {
			isa = XCBuildConfiguration;
			buildSettings = {
				ALWAYS_SEARCH_USER_PATHS = NO;
				ASSETCATALOG_COMPILER_GENERATE_SWIFT_ASSET_SYMBOL_EXTENSIONS = YES;
				CLANG_ANALYZER_NONNULL = YES;
				CLANG_ANALYZER_NUMBER_OBJECT_CONVERSION = YES_AGGRESSIVE;
				CLANG_CXX_LANGUAGE_STANDARD = "gnu++20";
				CLANG_ENABLE_MODULES = YES;
				CLANG_ENABLE_OBJC_ARC = YES;
				CLANG_ENABLE_OBJC_WEAK = YES;
				CLANG_WARN_BLOCK_CAPTURE_AUTORELEASING = YES;
				CLANG_WARN_BOOL_CONVERSION = YES;
				CLANG_WARN_COMMA = YES;
				CLANG_WARN_CONSTANT_CONVERSION = YES;
				CLANG_WARN_DEPRECATED_OBJC_IMPLEMENTATIONS = YES;
				CLANG_WARN_DIRECT_OBJC_ISA_USAGE = YES_ERROR;
				CLANG_WARN_DOCUMENTATION_COMMENTS = YES;
				CLANG_WARN_EMPTY_BODY = YES;
				CLANG_WARN_ENUM_CONVERSION = YES;
				CLANG_WARN_INFINITE_RECURSION = YES;
				CLANG_WARN_INT_CONVERSION = YES;
				CLANG_WARN_NON_LITERAL_NULL_CONVERSION = YES;
				CLANG_WARN_OBJC_IMPLICIT_RETAIN_SELF = YES;
				CLANG_WARN_OBJC_LITERAL_CONVERSION = YES;
				CLANG_WARN_OBJC_ROOT_CLASS = YES_ERROR;
				CLANG_WARN_QUOTED_INCLUDE_IN_FRAMEWORK_HEADER = YES;
				CLANG_WARN_RANGE_LOOP_ANALYSIS = YES;
				CLANG_WARN_STRICT_PROTOTYPES = YES;
				CLANG_WARN_SUSPICIOUS_MOVE = YES;
				CLANG_WARN_UNGUARDED_AVAILABILITY = YES_AGGRESSIVE;
				CLANG_WARN_UNREACHABLE_CODE = YES;
				CLANG_WARN__DUPLICATE_METHOD_MATCH = YES;
				COPY_PHASE_STRIP = NO;
				DEBUG_INFORMATION_FORMAT = "dwarf-with-dsym";
				ENABLE_NS_ASSERTIONS = NO;
				ENABLE_STRICT_OBJC_MSGSEND = YES;
				ENABLE_USER_SCRIPT_SANDBOXING = YES;
				GCC_C_LANGUAGE_STANDARD = gnu17;
				GCC_NO_COMMON_BLOCKS = YES;
				GCC_WARN_64_TO_32_BIT_CONVERSION = YES;
				GCC_WARN_ABOUT_RETURN_TYPE = YES_ERROR;
				GCC_WARN_UNDECLARED_SELECTOR = YES;
				GCC_WARN_UNINITIALIZED_AUTOS = YES_AGGRESSIVE;
				GCC_WARN_UNUSED_FUNCTION = YES;
				GCC_WARN_UNUSED_VARIABLE = YES;
				IPHONEOS_DEPLOYMENT_TARGET = 17.4;
				LOCALIZATION_PREFERS_STRING_CATALOGS = YES;
				MTL_ENABLE_DEBUG_INFO = NO;
				MTL_FAST_MATH = YES;
				SDKROOT = iphoneos;
				SWIFT_COMPILATION_MODE = wholemodule;
				VALIDATE_PRODUCT = YES;
			};
			name = Release;
		};
		902999742C2E268D00804204 /* Debug */ = {
			isa = XCBuildConfiguration;
			buildSettings = {
				ASSETCATALOG_COMPILER_APPICON_NAME = AppIcon;
				ASSETCATALOG_COMPILER_GLOBAL_ACCENT_COLOR_NAME = AccentColor;
				CODE_SIGN_STYLE = Automatic;
				CURRENT_PROJECT_VERSION = 1;
				DEVELOPMENT_TEAM = NPK5Z66VY5;
				GENERATE_INFOPLIST_FILE = YES;
				INFOPLIST_FILE = CornerUIKit/Info.plist;
				INFOPLIST_KEY_UIApplicationSupportsIndirectInputEvents = YES;
				INFOPLIST_KEY_UILaunchStoryboardName = LaunchScreen;
				INFOPLIST_KEY_UIMainStoryboardFile = Main;
				INFOPLIST_KEY_UISupportedInterfaceOrientations_iPad = "UIInterfaceOrientationPortrait UIInterfaceOrientationPortraitUpsideDown UIInterfaceOrientationLandscapeLeft UIInterfaceOrientationLandscapeRight";
				INFOPLIST_KEY_UISupportedInterfaceOrientations_iPhone = "UIInterfaceOrientationPortrait UIInterfaceOrientationLandscapeLeft UIInterfaceOrientationLandscapeRight";
				LD_RUNPATH_SEARCH_PATHS = (
					"$(inherited)",
					"@executable_path/Frameworks",
				);
				MARKETING_VERSION = 1.0;
				PRODUCT_BUNDLE_IDENTIFIER = joraid.CornerUIKit;
				PRODUCT_NAME = "$(TARGET_NAME)";
				SWIFT_EMIT_LOC_STRINGS = YES;
				SWIFT_VERSION = 5.0;
				TARGETED_DEVICE_FAMILY = "1,2";
			};
			name = Debug;
		};
		902999752C2E268D00804204 /* Release */ = {
			isa = XCBuildConfiguration;
			buildSettings = {
				ASSETCATALOG_COMPILER_APPICON_NAME = AppIcon;
				ASSETCATALOG_COMPILER_GLOBAL_ACCENT_COLOR_NAME = AccentColor;
				CODE_SIGN_STYLE = Automatic;
				CURRENT_PROJECT_VERSION = 1;
				DEVELOPMENT_TEAM = NPK5Z66VY5;
				GENERATE_INFOPLIST_FILE = YES;
				INFOPLIST_FILE = CornerUIKit/Info.plist;
				INFOPLIST_KEY_UIApplicationSupportsIndirectInputEvents = YES;
				INFOPLIST_KEY_UILaunchStoryboardName = LaunchScreen;
				INFOPLIST_KEY_UIMainStoryboardFile = Main;
				INFOPLIST_KEY_UISupportedInterfaceOrientations_iPad = "UIInterfaceOrientationPortrait UIInterfaceOrientationPortraitUpsideDown UIInterfaceOrientationLandscapeLeft UIInterfaceOrientationLandscapeRight";
				INFOPLIST_KEY_UISupportedInterfaceOrientations_iPhone = "UIInterfaceOrientationPortrait UIInterfaceOrientationLandscapeLeft UIInterfaceOrientationLandscapeRight";
				LD_RUNPATH_SEARCH_PATHS = (
					"$(inherited)",
					"@executable_path/Frameworks",
				);
				MARKETING_VERSION = 1.0;
				PRODUCT_BUNDLE_IDENTIFIER = joraid.CornerUIKit;
				PRODUCT_NAME = "$(TARGET_NAME)";
				SWIFT_EMIT_LOC_STRINGS = YES;
				SWIFT_VERSION = 5.0;
				TARGETED_DEVICE_FAMILY = "1,2";
			};
			name = Release;
		};
/* End XCBuildConfiguration section */

/* Begin XCConfigurationList section */
		9029995A2C2E268B00804204 /* Build configuration list for PBXProject "CornerUIKit" */ = {
			isa = XCConfigurationList;
			buildConfigurations = (
				902999712C2E268D00804204 /* Debug */,
				902999722C2E268D00804204 /* Release */,
			);
			defaultConfigurationIsVisible = 0;
			defaultConfigurationName = Release;
		};
		902999732C2E268D00804204 /* Build configuration list for PBXNativeTarget "CornerUIKit" */ = {
			isa = XCConfigurationList;
			buildConfigurations = (
				902999742C2E268D00804204 /* Debug */,
				902999752C2E268D00804204 /* Release */,
			);
			defaultConfigurationIsVisible = 0;
			defaultConfigurationName = Release;
		};
/* End XCConfigurationList section */
	};
	rootObject = 902999572C2E268B00804204 /* Project object */;
}
